
Microsoft Visual Studio Solution File, Format Version 12.00
# Visual Studio Version 16
VisualStudioVersion = 16.0.30517.126
MinimumVisualStudioVersion = 10.0.40219.1
Project("{FAE04EC0-301F-11D3-BF4B-00C04F79EFBC}") = "SherlockAndAnagrams", "SherlockAndAnagrams\SherlockAndAnagrams.csproj", "{8F27A1FD-45D9-4411-8164-E7E1C13572CB}"
EndProject
Global
	GlobalSection(SolutionConfigurationPlatforms) = preSolution
		Debug|Any CPU = Debug|Any CPU
		Release|Any CPU = Release|Any CPU
	EndGlobalSection
	GlobalSection(ProjectConfigurationPlatforms) = postSolution
		{8F27A1FD-45D9-4411-8164-E7E1C13572CB}.Debug|Any CPU.ActiveCfg = Debug|Any CPU
		{8F27A1FD-45D9-4411-8164-E7E1C13572CB}.Debug|Any CPU.Build.0 = Debug|Any CPU
		{8F27A1FD-45D9-4411-8164-E7E1C13572CB}.Release|Any CPU.ActiveCfg = Release|Any CPU
		{8F27A1FD-45D9-4411-8164-E7E1C13572CB}.Release|Any CPU.Build.0 = Release|Any CPU
	EndGlobalSection
	GlobalSection(SolutionProperties) = preSolution
		HideSolutionNode = FALSE
	EndGlobalSection
	GlobalSection(ExtensibilityGlobals) = postSolution
		SolutionGuid = {C7BA31C9-1DCF-4606-B44D-0584379BA9F3}
	EndGlobalSection
EndGlobal
